{
    "_meta": {
        "hash": {
            "sha256": "291d26818060d0bf97589567db9212cd8a3bb443fc1909e85b38a386ea6314b6"
        },
        "pipfile-spec": 6,
        "requires": {
            "python_version": "3.6"
        },
        "sources": [
            {
                "name": "pypi",
                "url": "https://pypi.org/simple",
                "verify_ssl": true
            }
        ]
    },
    "default": {
        "click": {
            "hashes": [
                "sha256:2335065e6395b9e67ca716de5f7526736bfa6ceead690adf616d925bdc622b13",
                "sha256:5b94b49521f6456670fdb30cd82a4eca9412788a93fa6dd6df72c94d5a8ff2d7"
            ],
            "index": "pypi",
            "version": "==7.0"
        },
        "dnspython": {
            "hashes": [
                "sha256:36c5e8e38d4369a08b6780b7f27d790a292b2b08eea01607865bf0936c558e01",
                "sha256:f69c21288a962f4da86e56c4905b49d11aba7938d3d740e80d9e366ee4f1632d"
            ],
            "index": "pypi",
            "version": "==1.16.0"
        },
        "eventlet": {
            "hashes": [
                "sha256:658b1cd80937adc1a4860de2841e0528f64e2ca672885c4e00fc0e2217bde6b1",
                "sha256:6c9c625af48424c4680d89314dbe45a76cc990cf002489f9469ff214b044ffc1"
            ],
            "index": "pypi",
            "version": "==0.25.1"
        },
        "flask": {
            "hashes": [
                "sha256:13f9f196f330c7c2c5d7a5cf91af894110ca0215ac051b5844701f2bfd934d52",
                "sha256:45eb5a6fd193d6cf7e0cf5d8a5b31f83d5faae0293695626f539a823e93b13f6"
            ],
            "index": "pypi",
            "version": "==1.1.1"
        },
        "flask-cors": {
            "hashes": [
                "sha256:72170423eb4612f0847318afff8c247b38bd516b7737adfc10d1c2cdbb382d16",
                "sha256:f4d97201660e6bbcff2d89d082b5b6d31abee04b1b3003ee073a6fd25ad1d69a"
            ],
            "index": "pypi",
            "version": "==3.0.8"
        },
        "flask-pymongo": {
            "hashes": [
                "sha256:620eb02dc8808a5fcb90f26cab6cba9d6bf497b15032ae3ca99df80366e33314",
                "sha256:8a9577a2c6d00b49f21cb5a5a8d72561730364a2d745551a85349ab02f86fc73"
            ],
            "index": "pypi",
            "version": "==2.3.0"
        },
        "flask-socketio": {
            "hashes": [
                "sha256:2172dff1e42415ba480cee02c30c2fc833671ff326f1598ee3d69aa02cf768ec",
                "sha256:7ff5b2f5edde23e875a8b0abf868584e5706e11741557449bc5147df2cd78268"
            ],
            "index": "pypi",
            "version": "==4.2.1"
        },
        "greenlet": {
            "hashes": [
                "sha256:000546ad01e6389e98626c1367be58efa613fa82a1be98b0c6fc24b563acc6d0",
                "sha256:0d48200bc50cbf498716712129eef819b1729339e34c3ae71656964dac907c28",
                "sha256:23d12eacffa9d0f290c0fe0c4e81ba6d5f3a5b7ac3c30a5eaf0126bf4deda5c8",
                "sha256:37c9ba82bd82eb6a23c2e5acc03055c0e45697253b2393c9a50cef76a3985304",
                "sha256:51155342eb4d6058a0ffcd98a798fe6ba21195517da97e15fca3db12ab201e6e",
                "sha256:51503524dd6f152ab4ad1fbd168fc6c30b5795e8c70be4410a64940b3abb55c0",
                "sha256:7457d685158522df483196b16ec648b28f8e847861adb01a55d41134e7734122",
                "sha256:8041e2de00e745c0e05a502d6e6db310db7faa7c979b3a5877123548a4c0b214",
                "sha256:81fcd96a275209ef117e9ec91f75c731fa18dcfd9ffaa1c0adbdaa3616a86043",
                "sha256:853da4f9563d982e4121fed8c92eea1a4594a2299037b3034c3c898cb8e933d6",
                "sha256:8b4572c334593d449113f9dc8d19b93b7b271bdbe90ba7509eb178923327b625",
                "sha256:9416443e219356e3c31f1f918a91badf2e37acf297e2fa13d24d1cc2380f8fbc",
                "sha256:9854f612e1b59ec66804931df5add3b2d5ef0067748ea29dc60f0efdcda9a638",
                "sha256:99a26afdb82ea83a265137a398f570402aa1f2b5dfb4ac3300c026931817b163",
                "sha256:a19bf883b3384957e4a4a13e6bd1ae3d85ae87f4beb5957e35b0be287f12f4e4",
                "sha256:a9f145660588187ff835c55a7d2ddf6abfc570c2651c276d3d4be8a2766db490",
                "sha256:ac57fcdcfb0b73bb3203b58a14501abb7e5ff9ea5e2edfa06bb03035f0cff248",
                "sha256:bcb530089ff24f6458a81ac3fa699e8c00194208a724b644ecc68422e1111939",
                "sha256:beeabe25c3b704f7d56b573f7d2ff88fc99f0138e43480cecdfcaa3b87fe4f87",
                "sha256:d634a7ea1fc3380ff96f9e44d8d22f38418c1c381d5fac680b272d7d90883720",
                "sha256:d97b0661e1aead761f0ded3b769044bb00ed5d33e1ec865e891a8b128bf7c656",
                "sha256:e538b8dae561080b542b0f5af64d47ef859f22517f7eca617bb314e0e03fd7ef"
            ],
            "index": "pypi",
            "version": "==0.4.15"
        },
        "gunicorn": {
            "hashes": [
                "sha256:aa8e0b40b4157b36a5df5e599f45c9c76d6af43845ba3b3b0efe2c70473c2471",
                "sha256:fa2662097c66f920f53f70621c6c58ca4a3c4d3434205e608e121b5b3b71f4f3"
            ],
            "index": "pypi",
            "version": "==19.9.0"
        },
        "itsdangerous": {
            "hashes": [
                "sha256:321b033d07f2a4136d3ec762eac9f16a10ccd60f53c0c91af90217ace7ba1f19",
                "sha256:b12271b2047cb23eeb98c8b5622e2e5c5e9abd9784a153e9d8ef9cb4dd09d749"
            ],
            "index": "pypi",
            "version": "==1.1.0"
        },
        "jinja2": {
            "hashes": [
                "sha256:065c4f02ebe7f7cf559e49ee5a95fb800a9e4528727aec6f24402a5374c65013",
                "sha256:14dd6caf1527abb21f08f86c784eac40853ba93edb79552aa1e4b8aef1b61c7b"
            ],
            "index": "pypi",
            "version": "==2.10.1"
        },
        "markupsafe": {
            "hashes": [
                "sha256:00bc623926325b26bb9605ae9eae8a215691f33cae5df11ca5424f06f2d1f473",
                "sha256:09027a7803a62ca78792ad89403b1b7a73a01c8cb65909cd876f7fcebd79b161",
                "sha256:09c4b7f37d6c648cb13f9230d847adf22f8171b1ccc4d5682398e77f40309235",
                "sha256:1027c282dad077d0bae18be6794e6b6b8c91d58ed8a8d89a89d59693b9131db5",
                "sha256:13d3144e1e340870b25e7b10b98d779608c02016d5184cfb9927a9f10c689f42",
                "sha256:195d7d2c4fbb0ee8139a6cf67194f3973a6b3042d742ebe0a9ed36d8b6f0c07f",
                "sha256:22c178a091fc6630d0d045bdb5992d2dfe14e3259760e713c490da5323866c39",
                "sha256:24982cc2533820871eba85ba648cd53d8623687ff11cbb805be4ff7b4c971aff",
                "sha256:29872e92839765e546828bb7754a68c418d927cd064fd4708fab9fe9c8bb116b",
                "sha256:2beec1e0de6924ea551859edb9e7679da6e4870d32cb766240ce17e0a0ba2014",
                "sha256:3b8a6499709d29c2e2399569d96719a1b21dcd94410a586a18526b143ec8470f",
                "sha256:43a55c2930bbc139570ac2452adf3d70cdbb3cfe5912c71cdce1c2c6bbd9c5d1",
                "sha256:46c99d2de99945ec5cb54f23c8cd5689f6d7177305ebff350a58ce5f8de1669e",
                "sha256:500d4957e52ddc3351cabf489e79c91c17f6e0899158447047588650b5e69183",
                "sha256:535f6fc4d397c1563d08b88e485c3496cf5784e927af890fb3c3aac7f933ec66",
                "sha256:596510de112c685489095da617b5bcbbac7dd6384aeebeda4df6025d0256a81b",
                "sha256:62fe6c95e3ec8a7fad637b7f3d372c15ec1caa01ab47926cfdf7a75b40e0eac1",
                "sha256:6788b695d50a51edb699cb55e35487e430fa21f1ed838122d722e0ff0ac5ba15",
                "sha256:6dd73240d2af64df90aa7c4e7481e23825ea70af4b4922f8ede5b9e35f78a3b1",
                "sha256:6f1e273a344928347c1290119b493a1f0303c52f5a5eae5f16d74f48c15d4a85",
                "sha256:6fffc775d90dcc9aed1b89219549b329a9250d918fd0b8fa8d93d154918422e1",
                "sha256:717ba8fe3ae9cc0006d7c451f0bb265ee07739daf76355d06366154ee68d221e",
                "sha256:79855e1c5b8da654cf486b830bd42c06e8780cea587384cf6545b7d9ac013a0b",
                "sha256:7c1699dfe0cf8ff607dbdcc1e9b9af1755371f92a68f706051cc8c37d447c905",
                "sha256:7fed13866cf14bba33e7176717346713881f56d9d2bcebab207f7a036f41b850",
                "sha256:84dee80c15f1b560d55bcfe6d47b27d070b4681c699c572af2e3c7cc90a3b8e0",
                "sha256:88e5fcfb52ee7b911e8bb6d6aa2fd21fbecc674eadd44118a9cc3863f938e735",
                "sha256:8defac2f2ccd6805ebf65f5eeb132adcf2ab57aa11fdf4c0dd5169a004710e7d",
                "sha256:98bae9582248d6cf62321dcb52aaf5d9adf0bad3b40582925ef7c7f0ed85fceb",
                "sha256:98c7086708b163d425c67c7a91bad6e466bb99d797aa64f965e9d25c12111a5e",
                "sha256:9add70b36c5666a2ed02b43b335fe19002ee5235efd4b8a89bfcf9005bebac0d",
                "sha256:9bf40443012702a1d2070043cb6291650a0841ece432556f784f004937f0f32c",
                "sha256:a6a744282b7718a2a62d2ed9d993cad6f5f585605ad352c11de459f4108df0a1",
                "sha256:acf08ac40292838b3cbbb06cfe9b2cb9ec78fce8baca31ddb87aaac2e2dc3bc2",
                "sha256:ade5e387d2ad0d7ebf59146cc00c8044acbd863725f887353a10df825fc8ae21",
                "sha256:b00c1de48212e4cc9603895652c5c410df699856a2853135b3967591e4beebc2",
                "sha256:b1282f8c00509d99fef04d8ba936b156d419be841854fe901d8ae224c59f0be5",
                "sha256:b1dba4527182c95a0db8b6060cc98ac49b9e2f5e64320e2b56e47cb2831978c7",
                "sha256:b2051432115498d3562c084a49bba65d97cf251f5a331c64a12ee7e04dacc51b",
                "sha256:b7d644ddb4dbd407d31ffb699f1d140bc35478da613b441c582aeb7c43838dd8",
                "sha256:ba59edeaa2fc6114428f1637ffff42da1e311e29382d81b339c1817d37ec93c6",
                "sha256:bf5aa3cbcfdf57fa2ee9cd1822c862ef23037f5c832ad09cfea57fa846dec193",
                "sha256:c8716a48d94b06bb3b2524c2b77e055fb313aeb4ea620c8dd03a105574ba704f",
                "sha256:caabedc8323f1e93231b52fc32bdcde6db817623d33e100708d9a68e1f53b26b",
                "sha256:cd5df75523866410809ca100dc9681e301e3c27567cf498077e8551b6d20e42f",
                "sha256:cdb132fc825c38e1aeec2c8aa9338310d29d337bebbd7baa06889d09a60a1fa2",
                "sha256:d53bc011414228441014aa71dbec320c66468c1030aae3a6e29778a3382d96e5",
                "sha256:d73a845f227b0bfe8a7455ee623525ee656a9e2e749e4742706d80a6065d5e2c",
                "sha256:d9be0ba6c527163cbed5e0857c451fcd092ce83947944d6c14bc95441203f032",
                "sha256:e249096428b3ae81b08327a63a485ad0878de3fb939049038579ac0ef61e17e7",
                "sha256:e8313f01ba26fbbe36c7be1966a7b7424942f670f38e666995b88d012765b9be",
                "sha256:feb7b34d6325451ef96bc0e36e1a6c0c1c64bc1fbec4b854f4529e51887b1621"
            ],
            "index": "pypi",
            "version": "==1.1.1"
        },
        "monotonic": {
            "hashes": [
                "sha256:23953d55076df038541e648a53676fb24980f7a1be290cdda21300b3bc21dfb0",
                "sha256:552a91f381532e33cbd07c6a2655a21908088962bb8fa7239ecbcc6ad1140cc7"
            ],
            "index": "pypi",
            "version": "==1.5"
        },
        "numpy": {
            "hashes": [
                "sha256:004f0efcb2fe1c0bd6ae1fcfc69cc8b6bf2407e0f18be308612007a0762b4089",
                "sha256:09f6b7bdffe57fc61d869a22f506049825d707b288039d30f26a0d0d8ea05164",
                "sha256:0ea3f98a0ffce3f8f57675eb9119f3f4edb81888b6874bc1953f91e0b1d4f440",
                "sha256:17c0e467ade9bda685d5ac7f5fa729d8d3e76b23195471adae2d6a6941bd2c18",
                "sha256:1f27b5322ac4067e67c8f9378b41c746d8feac8bdd0e0ffede5324667b8a075c",
                "sha256:22d43376ee0acd547f3149b9ec12eec2f0ca4a6ab2f61753c5b29bb3e795ac4d",
                "sha256:2ad3ec9a748a8943e6eb4358201f7e1c12ede35f510b1a2221b70af4bb64295c",
                "sha256:301c00cf5e60e08e04d842fc47df641d4a181e651c7135c50dc2762ffe293dbd",
                "sha256:39a664e3d26ea854211867d20ebcc8023257c1800ae89773cbba9f9e97bae036",
                "sha256:51bf49c0cd1d52be0a240aa66f3458afc4b95d8993d2d04f0d91fa60c10af6cd",
                "sha256:78a63d2df1d947bd9d1b11d35564c2f9e4b57898aae4626638056ec1a231c40c",
                "sha256:7cd1328e5bdf0dee621912f5833648e2daca72e3839ec1d6695e91089625f0b4",
                "sha256:8355fc10fd33a5a70981a5b8a0de51d10af3688d7a9e4a34fcc8fa0d7467bb7f",
                "sha256:8c79d7cf86d049d0c5089231a5bcd31edb03555bd93d81a16870aa98c6cfb79d",
                "sha256:91b8d6768a75247026e951dce3b2aac79dc7e78622fc148329135ba189813584",
                "sha256:94c15ca4e52671a59219146ff584488907b1f9b3fc232622b47e2cf832e94fb8",
                "sha256:98dcbc02e39b1658dc4b4508442a560fe3ca5ca0d989f0df062534e5ca3a5c1a",
                "sha256:a64403f634e5ffdcd85e0b12c08f04b3080d3e840aef118721021f9b48fc1460",
                "sha256:bc6e8da415f359b578b00bcfb1d08411c96e9a97f9e6c7adada554a0812a6cc6",
                "sha256:bdc9febce3e68b697d931941b263c59e0c74e8f18861f4064c1f712562903411",
                "sha256:c1ba66c48b19cc9c2975c0d354f24058888cdc674bebadceb3cdc9ec403fb5d1",
                "sha256:c9f707b5bb73bf277d812ded9896f9512a43edff72712f31667d0a8c2f8e71ee",
                "sha256:d5422d6a1ea9b15577a9432e26608c73a78faf0b9039437b075cf322c92e98e7",
                "sha256:e5d5420053bbb3dd64c30e58f9363d7a9c27444c3648e61460c1237f9ec3fa14",
                "sha256:e868b0389c5ccfc092031a861d4e158ea164d8b7fdbb10e3b5689b4fc6498df6",
                "sha256:efd9d3abe5774404becdb0748178b48a218f1d8c44e0375475732211ea47c67e",
                "sha256:f8c02ec3c4c4fcb718fdf89a6c6f709b14949408e8cf2a2be5bfa9c49548fd85",
                "sha256:ffcf105ecdd9396e05a8e58e81faaaf34d3f9875f137c7372450baa5d77c9a54"
            ],
            "index": "pypi",
            "version": "==1.23.3"
        },
        "pymongo": {
            "hashes": [
                "sha256:01dd4d25dc0fad15db3b384d04ac6cc1f75b56b48afd0a85a8d8207b44b741bb",
                "sha256:02180988dc858739a856e9f77276298c6015e6fa9e87a6ad6362f679b2e5c2bb",
                "sha256:18fa5c2ebb23c8f34f30a5c764ada19621a4523f83aeeb8df9fc19ecfe76f838",
                "sha256:1ee151105631724db9616dd2e083d7c28141c3fedc3d71c12bace5466621f785",
                "sha256:1f865cb1999dce298746c84608ba8f2401e186691f6560a3401d812b3fdba74f",
                "sha256:20769fd9bc0837e7334ad2c6c06953024b415dbed09fd59d6a61feeb29a6fe30",
                "sha256:2dd5b261b00adffce993dc5ffd0feb94368e1657eb16edeed62ae8fe142ac34e",
                "sha256:3ab86827cfc1283300cd050bad185840b150877ad5b324053f7a9455ee6e596f",
                "sha256:3b49f5979e1c4603b19b3805032a1a5abaecbc0f54dc765ba1b663e765711baf",
                "sha256:3cd107632808d1b94da6591f3bf2579ba88333650a6537b7655882487a8caac4",
                "sha256:4568c460343f724e8944078ab165fa54d9e33fdb1867f1e3d1e231f8ca4368a6",
                "sha256:456b96c606147cea58f9316092b1ac8a239e891a1e8644a932e8a3c9cafec155",
                "sha256:480addc4e9b87877d0508d64a5f2489448358537e94476f6341538981aef6e8f",
                "sha256:4a69850e3d5d19e3b97918de5a19f1dacd1c08a0fe8df55221fe47a2ea767931",
                "sha256:54e5a5e70ca8afe38f517746ace4d20f5d814de16d5734299a18a664feb47a3f",
                "sha256:595b2b780e5b17e95eac1c5a8935a673742186849cd73bde6706b76b7de8d1ef",
                "sha256:59cf6f39042acd8062cc5c685838fb1532bb6424992ac757ceec742452d5a1bc",
                "sha256:634dc6e204f2dedfae18a095790e3baba6b071dbe0660b2b3af0f21ea0215cd4",
                "sha256:63d64859599b3ddc85ae7a211051e12ed956ce1deeaddc2c620fa323b6dfa97f",
                "sha256:66afa84a953e0e59d1f60bb05f25202759b9a606c748ee410b96763152cfd11a",
                "sha256:6de8a60ce357b36bfee923abcea29ede2906fa88cdc426d078e8fbb9b00efaa8",
                "sha256:6e53318801aed1abf4a41d94c4cea2b89749b706ed9a79599d69df5b70ffc175",
                "sha256:6fae8c918c9f66ccfa15a7bc3b92fb9e095302f8bb7789ee59eb05b7d8c618fa",
                "sha256:7a5fc9aead0fd4946607279ef34f379e312716abfae53e6fa6603ae3eec4308a",
                "sha256:82498737ef6c1ed6982b819eeac7fc241a581e7ac0eb73bea21bd4888e6e0530",
                "sha256:8c235432ddc354382ef9cce1e852d3c55ade84f661bcb617f2d095476d2927c4",
                "sha256:8c360dba39dce961d1e3b5af048612d17575f62abf889b9ddd74ab52d9026ed9",
                "sha256:914ae20e5f3574135ae270d69bd7e8cfdaacbfc561c47e587dee0dcbada3a3a2",
                "sha256:9162ebfca987ddf1dead8406e9b5bab3a68444b13fdd5aed9eca8bdec01a58f4",
                "sha256:99416866f7a8f6eb7bfb696eedb1153ef204a67a8ce18d8cddf0c93e16010d43",
                "sha256:99c794e427ff9cb50d7bd9ec52c4f1b89a8318f37b4ccbefdce446a7f4ec5f7c",
                "sha256:a1b2926be8aff7e641ab622991f77bb9c546268d416277b1fb5efd6305206e46",
                "sha256:adb7b6cf1bb6908cbe5b2e131e2cc22c707fbf0f9f0f27878494834683b997a2",
                "sha256:b20de0b3b796f2ff2dddf14aba911bc429911583b8bbbaee2976e7fce7a56d56",
                "sha256:c438452261daac308c0a19c7dfa46aeee1a93896611b483879865a0aa1615cc5",
                "sha256:c6de26d1e171cdc449745b82f1addbc873d105b8e7335097da991c0fc664a4a8",
                "sha256:d8a81a7d611936931145fa759cfacf99ff755d16e2d336677af439e128613da1",
                "sha256:db739c3323e4b5abd4778a2b3c73b7582c5ceadb40612e0dcc20fbc1abb538a3",
                "sha256:dd93e47651d7a7a63c32d0c8f5d6e6c50d99b7a0f2ef08a4237727d89dac8f4e",
                "sha256:ea876d43fdeefebf8afa18cd647efa7b930eb8a4719ebdb1a8106cc51c446437",
                "sha256:eeaf83db38425913283cf2db6caeb4c85911d3923615ea7d5b752e5ad49914ec",
                "sha256:ef1fb8ebbc0a0d1c92f6a2da4602e7ea10863fd546854d168c6638a0976e79fd",
                "sha256:f21caa2aae45ebfc420bc2631acf2c8de0e8384b14565c415c2fae9dc7aacdf9",
                "sha256:f90b14d3c833c3d588066fec3334d5c1648a7cfee4e279dc1e553ec13082559b",
                "sha256:fa1449e2a6cd96dfadf66530ba203fadfbcf54a4724628dac4104fc292b06477",
                "sha256:ff14210232acff8a236244551834e643484ff621638c74590aa0583d3c36cc31"
            ],
            "index": "pypi",
            "version": "==3.6.0"
        },
        "python-dotenv": {
            "hashes": [
                "sha256:1684eb44636dd462b66c3ee016599815514527ad99965de77f43e0944634a7e5",
                "sha256:b77d08274639e3d34145dfa6c7008e66df0f04b7be7a75fd0d5292c191d79045"
            ],
            "index": "pypi",
            "version": "==0.21.0"
        },
        "python-engineio": {
            "hashes": [
                "sha256:2a4c874aea686e79f8ea9efc30748110df581df6d577d18bb5eaa1a8f2199d12",
                "sha256:eae09ef72bbb13e66ad0bbe2fbb87271e0ba5e2ec8c6693c6be1e14239564e32"
            ],
            "index": "pypi",
            "version": "==3.9.3"
        },
        "python-socketio": {
            "hashes": [
                "sha256:506b2cf7a520b40ea0b3f25e1272eff8de134dce6f471c1f6bc0de8c90fe8c57",
                "sha256:d4e2c23241afa0aae2a5bcc107523b2fcc71f5020df89a093f3634eb48955967"
            ],
            "index": "pypi",
            "version": "==4.3.1"
        },
        "six": {
            "hashes": [
                "sha256:3350809f0555b11f552448330d0b52d5f24c91a322ea4a15ef22629740f3761c",
                "sha256:d16a0141ec1a18405cd4ce8b4613101da75da0e9a7aec5bdd4fa804d0e0eba73"
            ],
            "index": "pypi",
            "version": "==1.12.0"
        },
        "werkzeug": {
            "hashes": [
                "sha256:7280924747b5733b246fe23972186c6b348f9ae29724135a6dfc1e53cea433e7",
                "sha256:e5f4a1f98b52b18a93da705a7458e55afb26f32bff83ff5d19189f92462d65c4"
            ],
            "index": "pypi",
            "version": "==0.16.0"
        }
    },
    "develop": {}
}
